
Microsoft Visual Studio Solution File, Format Version 12.00
# Visual Studio Version 16
VisualStudioVersion = 16.0.31911.196
MinimumVisualStudioVersion = 10.0.40219.1
Project("{FAE04EC0-301F-11D3-BF4B-00C04F79EFBC}") = "WinterApp", "WinterApp\WinterApp.csproj", "{7299AB57-A933-4874-A9AA-1A4D72F6CB56}"
EndProject
Global
	GlobalSection(SolutionConfigurationPlatforms) = preSolution
		Debug|Any CPU = Debug|Any CPU
		Release|Any CPU = Release|Any CPU
	EndGlobalSection
	GlobalSection(ProjectConfigurationPlatforms) = postSolution
		{7299AB57-A933-4874-A9AA-1A4D72F6CB56}.Debug|Any CPU.ActiveCfg = Debug|Any CPU
		{7299AB57-A933-4874-A9AA-1A4D72F6CB56}.Debug|Any CPU.Build.0 = Debug|Any CPU
		{7299AB57-A933-4874-A9AA-1A4D72F6CB56}.Release|Any CPU.ActiveCfg = Release|Any CPU
		{7299AB57-A933-4874-A9AA-1A4D72F6CB56}.Release|Any CPU.Build.0 = Release|Any CPU
	EndGlobalSection
	GlobalSection(SolutionProperties) = preSolution
		HideSolutionNode = FALSE
	EndGlobalSection
	GlobalSection(ExtensibilityGlobals) = postSolution
		SolutionGuid = {723B96A3-062F-46A1-A500-4C2A24B77221}
	EndGlobalSection
EndGlobal
